<?xml version="1.0" encoding="utf-8"?>
<Project ToolsVersion="16.0" xmlns="http://schemas.microsoft.com/developer/msbuild/2003">
  <ItemGroup>
    <ClCompile Include="C:\Users\venka\Source\Repos\venkatapathiraju\cpplearn\src\main.cpp">
      <Filter>Source Files</Filter>
    </ClCompile>
  </ItemGroup>
  <ItemGroup>
    <CustomBuild Include="C:\Users\venka\Source\Repos\venkatapathiraju\cpplearn\CMakeLists.txt" />
  </ItemGroup>
  <ItemGroup>
    <Filter Include="Source Files">
      <UniqueIdentifier>{1689D014-0853-3990-B349-5D2807E3420C}</UniqueIdentifier>
    </Filter>
  </ItemGroup>
</Project>
